
Microsoft Visual Studio Solution File, Format Version 12.00
# Visual Studio Version 16
VisualStudioVersion = 16.0.34301.259
MinimumVisualStudioVersion = 10.0.40219.1
Project("{FAE04EC0-301F-11D3-BF4B-00C04F79EFBC}") = "Car store", "Car store\Car store.csproj", "{B1A6C8C5-D30D-4A47-B3F3-D5DED0815DC8}"
EndProject
Global
	GlobalSection(SolutionConfigurationPlatforms) = preSolution
		Debug|Any CPU = Debug|Any CPU
		Release|Any CPU = Release|Any CPU
	EndGlobalSection
	GlobalSection(ProjectConfigurationPlatforms) = postSolution
		{B1A6C8C5-D30D-4A47-B3F3-D5DED0815DC8}.Debug|Any CPU.ActiveCfg = Debug|Any CPU
		{B1A6C8C5-D30D-4A47-B3F3-D5DED0815DC8}.Debug|Any CPU.Build.0 = Debug|Any CPU
		{B1A6C8C5-D30D-4A47-B3F3-D5DED0815DC8}.Release|Any CPU.ActiveCfg = Release|Any CPU
		{B1A6C8C5-D30D-4A47-B3F3-D5DED0815DC8}.Release|Any CPU.Build.0 = Release|Any CPU
	EndGlobalSection
	GlobalSection(SolutionProperties) = preSolution
		HideSolutionNode = FALSE
	EndGlobalSection
	GlobalSection(ExtensibilityGlobals) = postSolution
		SolutionGuid = {479DB1B4-5CFA-4455-91EF-0146B39F10F9}
	EndGlobalSection
EndGlobal
